<?xml version="1.0" encoding="utf-8"?>
<Project ToolsVersion="4.0" xmlns="http://schemas.microsoft.com/developer/msbuild/2003">
  <ItemGroup>
    <Filter Include="Source Files">
      <UniqueIdentifier>{4FC737F1-C7A5-4376-A066-2A32D752A2FF}</UniqueIdentifier>
      <Extensions>cpp;c;cc;cxx;c++;cppm;ixx;def;odl;idl;hpj;bat;asm;asmx</Extensions>
    </Filter>
    <Filter Include="Header Files">
      <UniqueIdentifier>{93995380-89BD-4b04-88EB-625FBE52EBFB}</UniqueIdentifier>
      <Extensions>h;hh;hpp;hxx;h++;hm;inl;inc;ipp;xsd</Extensions>
    </Filter>
    <Filter Include="Resource Files">
      <UniqueIdentifier>{67DA6AB6-F800-4c08-8B7A-83BB121AAD01}</UniqueIdentifier>
      <Extensions>rc;ico;cur;bmp;dlg;rc2;rct;bin;rgs;gif;jpg;jpeg;jpe;resx;tiff;tif;png;wav;mfcribbon-ms</Extensions>
    </Filter>
  </ItemGroup>
  <ItemGroup>
    <None Include="cpp.hint" />
  </ItemGroup>
  <ItemGroup>
    <ClInclude Include="framework.h">
      <Filter>Header Files</Filter>
    </ClInclude>
    <ClInclude Include="jshell_native.h">
      <Filter>Header Files</Filter>
    </ClInclude>
    <ClInclude Include="pch.h">
      <Filter>Header Files</Filter>
    </ClInclude>
    <ClInclude Include="JCConnectionUtil.h">
      <Filter>Header Files</Filter>
    </ClInclude>
    <ClInclude Include="JCConnection.h">
      <Filter>Header Files</Filter>
    </ClInclude>
    <ClInclude Include="com_simplifiedlogic_nitro_jlink_cpp_JCConnection.h">
      <Filter>Header Files</Filter>
    </ClInclude>
    <ClInclude Include="com_simplifiedlogic_nitro_jlink_cpp_JCFeature.h">
      <Filter>Header Files</Filter>
    </ClInclude>
    <ClInclude Include="jshell_utils.h">
      <Filter>Header Files</Filter>
    </ClInclude>
    <ClInclude Include="JCFeature.h">
      <Filter>Header Files</Filter>
    </ClInclude>
    <ClInclude Include="JCSession.h">
      <Filter>Header Files</Filter>
    </ClInclude>
    <ClInclude Include="com_simplifiedlogic_nitro_jlink_cpp_JCFamilyTable.h">
      <Filter>Header Files</Filter>
    </ClInclude>
    <ClInclude Include="JCFamilyTable.h">
      <Filter>Header Files</Filter>
    </ClInclude>
    <ClInclude Include="com_simplifiedlogic_nitro_jlink_cpp_JCFile.h">
      <Filter>Header Files</Filter>
    </ClInclude>
    <ClInclude Include="JCFile.h">
      <Filter>Header Files</Filter>
    </ClInclude>
  </ItemGroup>
  <ItemGroup>
    <ClCompile Include="jshell_native.cpp">
      <Filter>Source Files</Filter>
    </ClCompile>
    <ClCompile Include="dllmain.cpp">
      <Filter>Source Files</Filter>
    </ClCompile>
    <ClCompile Include="pch.cpp">
      <Filter>Source Files</Filter>
    </ClCompile>
    <ClCompile Include="JCGlobal.cpp">
      <Filter>Source Files</Filter>
    </ClCompile>
    <ClCompile Include="JCFeature.cpp">
      <Filter>Source Files</Filter>
    </ClCompile>
    <ClCompile Include="JCConnectionUtil.cpp">
      <Filter>Source Files</Filter>
    </ClCompile>
    <ClCompile Include="JCConnection.cpp">
      <Filter>Source Files</Filter>
    </ClCompile>
    <ClCompile Include="jshell_utils.cpp">
      <Filter>Source Files</Filter>
    </ClCompile>
    <ClCompile Include="JCSession.cpp">
      <Filter>Source Files</Filter>
    </ClCompile>
    <ClCompile Include="JCFamilyTable.cpp">
      <Filter>Source Files</Filter>
    </ClCompile>
    <ClCompile Include="JCFile.cpp">
      <Filter>Source Files</Filter>
    </ClCompile>
  </ItemGroup>
</Project>